{
  "name": "@bemoid/flexoid",
  "version": "0.1.0",
  "lockfileVersion": 1,
  "requires": true,
  "dependencies": {
    "@bemoid/flex": {
      "version": "0.1.0",
      "resolved": "https://registry.npmjs.org/@bemoid/flex/-/flex-0.1.0.tgz",
      "integrity": "sha512-wtzV0DZ8lx8rXXdag5g0k0biQ8jivGiF/9+f+qyRhf4I+ifg+sT5xrLWNgX1A6WwqSnpxUvSQ/wOt8MWEiPNGw==",
      "requires": {
        "@bemoid/mixin-breakpoint": "^0.1.0"
      }
    },
    "@bemoid/function-breakpoint": {
      "version": "0.1.0",
      "resolved": "https://registry.npmjs.org/@bemoid/function-breakpoint/-/function-breakpoint-0.1.0.tgz",
      "integrity": "sha512-EmPQzEfrw2WCWv05ambPNxguPbb/Tq94mIFrJBmh74ibcRybYBZCloAdAKfZ4CR24D1B5yfVMFWiyyBewXUVDQ==",
      "requires": {
        "@bemoid/function-get": "^0.1.0"
      }
    },
    "@bemoid/function-get": {
      "version": "0.1.0",
      "resolved": "https://registry.npmjs.org/@bemoid/function-get/-/function-get-0.1.0.tgz",
      "integrity": "sha512-WhUcsD5lmD8tX0p05OiNVhU/0wCdBdBC6O+LIlMFnNFXlVRKs5N944yP4SmdXfkLaeS3kAN8nNr49A5whgUo1g=="
    },
    "@bemoid/gutter": {
      "version": "0.1.0",
      "resolved": "https://registry.npmjs.org/@bemoid/gutter/-/gutter-0.1.0.tgz",
      "integrity": "sha512-8HvH81SFEz0Wx85aA+lzyMHwi6YYMB8ZCVFncLcj5iQtygefwoN4K7kn5EryFQnyUXDes7ZNPxsGfJwsemrvMQ==",
      "requires": {
        "@bemoid/mixin-breakpoint": "^0.1.0"
      }
    },
    "@bemoid/mixin-breakpoint": {
      "version": "0.1.0",
      "resolved": "https://registry.npmjs.org/@bemoid/mixin-breakpoint/-/mixin-breakpoint-0.1.0.tgz",
      "integrity": "sha512-b5DeWAF06FVYT/KpTQFaQrqCCNJndEEzhwa+MZEZbeAOn6vHOUKp9EOSI4ZxwrZyi5bq/rMxTHcTs2ka0ySprQ==",
      "requires": {
        "@bemoid/function-breakpoint": "^0.1.0"
      }
    },
    "@bemoid/waffle": {
      "version": "0.1.0",
      "resolved": "https://registry.npmjs.org/@bemoid/waffle/-/waffle-0.1.0.tgz",
      "integrity": "sha512-cY2vHc9cC1cq8002M5PuDjw8Gv3Lat3eR7gPGbsKHWHdcukGBdp66X9b0PcvgPFgru8z9Ugofegz5zwoq0BsDw==",
      "requires": {
        "@bemoid/mixin-breakpoint": "^0.1.0"
      }
    }
  }
}
